
Microsoft Visual Studio Solution File, Format Version 12.00
# Visual Studio Version 17
VisualStudioVersion = 17.2.32526.322
MinimumVisualStudioVersion = 10.0.40219.1
Project("{FAE04EC0-301F-11D3-BF4B-00C04F79EFBC}") = "GraphLibrary", "GraphLibrary\GraphLibrary.csproj", "{8002E200-F11D-4CE1-8237-A0B79FA00416}"
EndProject
Project("{FAE04EC0-301F-11D3-BF4B-00C04F79EFBC}") = "UIDemo", "UIDemo\UIDemo.csproj", "{0FD1666A-BD5F-445C-AF87-CE90923A7E34}"
EndProject
Project("{FAE04EC0-301F-11D3-BF4B-00C04F79EFBC}") = "UITest", "UITest\UITest.csproj", "{A0E5DBA6-B2A3-497F-9D5E-9C9D70EC7E39}"
EndProject
Global
	GlobalSection(SolutionConfigurationPlatforms) = preSolution
		Debug|Any CPU = Debug|Any CPU
		Release|Any CPU = Release|Any CPU
	EndGlobalSection
	GlobalSection(ProjectConfigurationPlatforms) = postSolution
		{8002E200-F11D-4CE1-8237-A0B79FA00416}.Debug|Any CPU.ActiveCfg = Debug|Any CPU
		{8002E200-F11D-4CE1-8237-A0B79FA00416}.Debug|Any CPU.Build.0 = Debug|Any CPU
		{8002E200-F11D-4CE1-8237-A0B79FA00416}.Release|Any CPU.ActiveCfg = Release|Any CPU
		{8002E200-F11D-4CE1-8237-A0B79FA00416}.Release|Any CPU.Build.0 = Release|Any CPU
		{0FD1666A-BD5F-445C-AF87-CE90923A7E34}.Debug|Any CPU.ActiveCfg = Debug|Any CPU
		{0FD1666A-BD5F-445C-AF87-CE90923A7E34}.Debug|Any CPU.Build.0 = Debug|Any CPU
		{0FD1666A-BD5F-445C-AF87-CE90923A7E34}.Release|Any CPU.ActiveCfg = Release|Any CPU
		{0FD1666A-BD5F-445C-AF87-CE90923A7E34}.Release|Any CPU.Build.0 = Release|Any CPU
		{A0E5DBA6-B2A3-497F-9D5E-9C9D70EC7E39}.Debug|Any CPU.ActiveCfg = Debug|Any CPU
		{A0E5DBA6-B2A3-497F-9D5E-9C9D70EC7E39}.Debug|Any CPU.Build.0 = Debug|Any CPU
		{A0E5DBA6-B2A3-497F-9D5E-9C9D70EC7E39}.Release|Any CPU.ActiveCfg = Release|Any CPU
		{A0E5DBA6-B2A3-497F-9D5E-9C9D70EC7E39}.Release|Any CPU.Build.0 = Release|Any CPU
	EndGlobalSection
	GlobalSection(SolutionProperties) = preSolution
		HideSolutionNode = FALSE
	EndGlobalSection
	GlobalSection(ExtensibilityGlobals) = postSolution
		SolutionGuid = {C62E5BCB-287B-4E21-B11F-2A550BC3C512}
	EndGlobalSection
EndGlobal
